
Microsoft Visual Studio Solution File, Format Version 12.00
# Visual Studio Version 16
VisualStudioVersion = 16.0.35425.106
MinimumVisualStudioVersion = 10.0.40219.1
Project("{8BC9CEB8-8B4A-11D0-8D11-00A0C91BC942}") = "01 形参代默认值的函数", "01 形参代默认值的函数\01 形参代默认值的函数.vcxproj", "{B41554E7-69F3-4AB6-9456-BF5F6C91D7A8}"
EndProject
Project("{8BC9CEB8-8B4A-11D0-8D11-00A0C91BC942}") = "02 inline内联函数", "02 inline内联函数\02 inline内联函数.vcxproj", "{318CD451-87BC-4566-9B44-EC03F57E851B}"
EndProject
Project("{8BC9CEB8-8B4A-11D0-8D11-00A0C91BC942}") = "03 函数重载", "03 函数重载\03 函数重载.vcxproj", "{D55A9427-63E7-4A8E-B817-CE304A7529E8}"
EndProject
Project("{8BC9CEB8-8B4A-11D0-8D11-00A0C91BC942}") = "04 const 指针和引用", "04 const 指针和引用\04 const 指针和引用.vcxproj", "{4AA0A81C-9348-4523-9061-B3B7D69D48CD}"
EndProject
Project("{8BC9CEB8-8B4A-11D0-8D11-00A0C91BC942}") = "05 引用", "05 引用\05 引用.vcxproj", "{7CE5F295-AC3D-4288-9BF1-68057CBD87C4}"
EndProject
Project("{8BC9CEB8-8B4A-11D0-8D11-00A0C91BC942}") = "06 new和delete", "06 new和delete\06 new和delete.vcxproj", "{1F170360-8264-42C4-9546-62A4387D1860}"
EndProject
Project("{8BC9CEB8-8B4A-11D0-8D11-00A0C91BC942}") = "07 类和对象this指针", "07 类和对象this指针\07 类和对象this指针.vcxproj", "{A7BAB547-2604-4207-BAA0-506153B17244}"
EndProject
Project("{8BC9CEB8-8B4A-11D0-8D11-00A0C91BC942}") = "08 构造函数和析构函数", "08 构造函数和析构函数\08 构造函数和析构函数.vcxproj", "{A5D11E0B-7B99-4475-8B58-E343CD0A1BEA}"
EndProject
Project("{8BC9CEB8-8B4A-11D0-8D11-00A0C91BC942}") = "09 对象的深浅拷贝", "09 对象的深浅拷贝\09 对象的深浅拷贝.vcxproj", "{6D77C7E7-88F5-4710-A436-8FE52866701E}"
EndProject
Project("{8BC9CEB8-8B4A-11D0-8D11-00A0C91BC942}") = "00 测试项目", "00 测试项目\00 测试项目.vcxproj", "{08CFDFD5-AD30-415F-944E-33664A4FEFE4}"
EndProject
Project("{8BC9CEB8-8B4A-11D0-8D11-00A0C91BC942}") = "10 类和对象代码应用实践", "10 类和对象代码应用实践\10 类和对象代码应用实践.vcxproj", "{F2149252-E0BB-4B60-AF68-250A607ED275}"
EndProject
Project("{8BC9CEB8-8B4A-11D0-8D11-00A0C91BC942}") = "11 构造函数的初始化列表", "11 构造函数的初始化列表\11 构造函数的初始化列表.vcxproj", "{43AD94AB-7E4A-493A-8CE1-AE671EBBEDB9}"
EndProject
Project("{8BC9CEB8-8B4A-11D0-8D11-00A0C91BC942}") = "12 类的各种成员方法和变量", "12 类的各种成员方法和变量\12 类的各种成员方法和变量.vcxproj", "{3BFB76C7-B18D-4D8B-ADD7-BF7463B8AC37}"
EndProject
Project("{8BC9CEB8-8B4A-11D0-8D11-00A0C91BC942}") = "13 指向类成员的指针", "13 指向类成员的指针\13 指向类成员的指针.vcxproj", "{7925BBC8-2503-415C-918C-BB3560FD2375}"
EndProject
Project("{8BC9CEB8-8B4A-11D0-8D11-00A0C91BC942}") = "14 函数模版", "14 函数模版\14 函数模版.vcxproj", "{38F010C5-D0E3-454A-A3E6-86F6FC7FB69B}"
EndProject
Project("{8BC9CEB8-8B4A-11D0-8D11-00A0C91BC942}") = "15 类模板", "15 类模板\15 类模板.vcxproj", "{BE7EA16D-9D3A-4C5E-8A13-4F6C8AACC772}"
EndProject
Project("{8BC9CEB8-8B4A-11D0-8D11-00A0C91BC942}") = "16 空间配置器", "16 空间配置器\16 空间配置器.vcxproj", "{8EDDDD6B-B730-4E27-BA09-435E6E22755F}"
EndProject
Project("{8BC9CEB8-8B4A-11D0-8D11-00A0C91BC942}") = "17 运算符重载——复数类CComplex", "17 运算符重载——复数类CComplex\17 运算符重载——复数类CComplex.vcxproj", "{E55E17D2-0903-4BFB-89C8-3E9D9485B303}"
EndProject
Project("{8BC9CEB8-8B4A-11D0-8D11-00A0C91BC942}") = "18 模拟c++的string类代码", "18 模拟c++的string类代码\18 模拟c++的string类代码.vcxproj", "{11387970-4D61-4B6C-84A9-6E953F6EFB57}"
EndProject
Project("{8BC9CEB8-8B4A-11D0-8D11-00A0C91BC942}") = "19 字符串对象的迭代器", "19 字符串对象的迭代器\19 字符串对象的迭代器.vcxproj", "{091E6C8B-CD96-46E1-B645-F28FA782A7D7}"
EndProject
Project("{8BC9CEB8-8B4A-11D0-8D11-00A0C91BC942}") = "20 迭代器失效", "20 迭代器失效\20 迭代器失效.vcxproj", "{7D3A068B-79D2-4966-B862-6FA54D7255C0}"
EndProject
Project("{8BC9CEB8-8B4A-11D0-8D11-00A0C91BC942}") = "21 new和delete", "21 new和delete\21 new和delete.vcxproj", "{67521A32-FD0A-4E17-9CF1-CDEC00AFB40A}"
EndProject
Project("{8BC9CEB8-8B4A-11D0-8D11-00A0C91BC942}") = "22 new和delete重载实现对象池", "22 new和delete重载实现对象池\22 new和delete重载实现对象池.vcxproj", "{27FA0E87-4B94-4EC8-A2E0-FC1D5D642A0E}"
EndProject
Project("{8BC9CEB8-8B4A-11D0-8D11-00A0C91BC942}") = "23 完全之vector", "23 完全之vector\23 完全之vector.vcxproj", "{C9524C3C-C3E5-4DF7-8804-3B71A61441DC}"
EndProject
Project("{8BC9CEB8-8B4A-11D0-8D11-00A0C91BC942}") = "24 继承", "24 继承\24 继承.vcxproj", "{BDD4E52A-0414-4FDA-92C9-170FA7FBB23B}"
EndProject
Project("{8BC9CEB8-8B4A-11D0-8D11-00A0C91BC942}") = "25 重载，隐藏和覆盖", "25 重载，隐藏和覆盖\25 重载，隐藏和覆盖.vcxproj", "{D53F7887-19D1-472B-AAE5-2221289C7D6E}"
EndProject
Project("{8BC9CEB8-8B4A-11D0-8D11-00A0C91BC942}") = "26 虚函数，静态绑定和动态绑定", "26 虚函数，静态绑定和动态绑定\26 虚函数，静态绑定和动态绑定.vcxproj", "{AD1AB9F2-7705-45CC-B3B1-E4D84F45378D}"
EndProject
Project("{8BC9CEB8-8B4A-11D0-8D11-00A0C91BC942}") = "27 多态", "27 多态\27 多态.vcxproj", "{2109B354-3BBF-4269-9141-738B6DBB2DD0}"
EndProject
Project("{8BC9CEB8-8B4A-11D0-8D11-00A0C91BC942}") = "28 抽象类", "28 抽象类\28 抽象类.vcxproj", "{58668D73-80E7-40B3-98F4-E78303C96221}"
EndProject
Project("{8BC9CEB8-8B4A-11D0-8D11-00A0C91BC942}") = "29 虚析构函数", "29 虚析构函数\29 虚析构函数.vcxproj", "{8BE6883D-323E-4413-8D36-6E6843EDAEE7}"
EndProject
Project("{8BC9CEB8-8B4A-11D0-8D11-00A0C91BC942}") = "30 菱形继承问题", "30 菱形继承问题\30 菱形继承问题.vcxproj", "{FD6A30F7-B6F1-40A5-B5F2-D9273EF6AB2C}"
EndProject
Project("{8BC9CEB8-8B4A-11D0-8D11-00A0C91BC942}") = "31 虚基类", "31 虚基类\31 虚基类.vcxproj", "{5F0E9CF9-8379-4111-8489-B744BA947E11}"
EndProject
Global
	GlobalSection(SolutionConfigurationPlatforms) = preSolution
		Debug|x64 = Debug|x64
		Debug|x86 = Debug|x86
		Release|x64 = Release|x64
		Release|x86 = Release|x86
	EndGlobalSection
	GlobalSection(ProjectConfigurationPlatforms) = postSolution
		{B41554E7-69F3-4AB6-9456-BF5F6C91D7A8}.Debug|x64.ActiveCfg = Debug|x64
		{B41554E7-69F3-4AB6-9456-BF5F6C91D7A8}.Debug|x64.Build.0 = Debug|x64
		{B41554E7-69F3-4AB6-9456-BF5F6C91D7A8}.Debug|x86.ActiveCfg = Debug|Win32
		{B41554E7-69F3-4AB6-9456-BF5F6C91D7A8}.Debug|x86.Build.0 = Debug|Win32
		{B41554E7-69F3-4AB6-9456-BF5F6C91D7A8}.Release|x64.ActiveCfg = Release|x64
		{B41554E7-69F3-4AB6-9456-BF5F6C91D7A8}.Release|x64.Build.0 = Release|x64
		{B41554E7-69F3-4AB6-9456-BF5F6C91D7A8}.Release|x86.ActiveCfg = Release|Win32
		{B41554E7-69F3-4AB6-9456-BF5F6C91D7A8}.Release|x86.Build.0 = Release|Win32
		{318CD451-87BC-4566-9B44-EC03F57E851B}.Debug|x64.ActiveCfg = Debug|x64
		{318CD451-87BC-4566-9B44-EC03F57E851B}.Debug|x64.Build.0 = Debug|x64
		{318CD451-87BC-4566-9B44-EC03F57E851B}.Debug|x86.ActiveCfg = Debug|Win32
		{318CD451-87BC-4566-9B44-EC03F57E851B}.Debug|x86.Build.0 = Debug|Win32
		{318CD451-87BC-4566-9B44-EC03F57E851B}.Release|x64.ActiveCfg = Release|x64
		{318CD451-87BC-4566-9B44-EC03F57E851B}.Release|x64.Build.0 = Release|x64
		{318CD451-87BC-4566-9B44-EC03F57E851B}.Release|x86.ActiveCfg = Release|Win32
		{318CD451-87BC-4566-9B44-EC03F57E851B}.Release|x86.Build.0 = Release|Win32
		{D55A9427-63E7-4A8E-B817-CE304A7529E8}.Debug|x64.ActiveCfg = Debug|x64
		{D55A9427-63E7-4A8E-B817-CE304A7529E8}.Debug|x64.Build.0 = Debug|x64
		{D55A9427-63E7-4A8E-B817-CE304A7529E8}.Debug|x86.ActiveCfg = Debug|Win32
		{D55A9427-63E7-4A8E-B817-CE304A7529E8}.Debug|x86.Build.0 = Debug|Win32
		{D55A9427-63E7-4A8E-B817-CE304A7529E8}.Release|x64.ActiveCfg = Release|x64
		{D55A9427-63E7-4A8E-B817-CE304A7529E8}.Release|x64.Build.0 = Release|x64
		{D55A9427-63E7-4A8E-B817-CE304A7529E8}.Release|x86.ActiveCfg = Release|Win32
		{D55A9427-63E7-4A8E-B817-CE304A7529E8}.Release|x86.Build.0 = Release|Win32
		{4AA0A81C-9348-4523-9061-B3B7D69D48CD}.Debug|x64.ActiveCfg = Debug|x64
		{4AA0A81C-9348-4523-9061-B3B7D69D48CD}.Debug|x64.Build.0 = Debug|x64
		{4AA0A81C-9348-4523-9061-B3B7D69D48CD}.Debug|x86.ActiveCfg = Debug|Win32
		{4AA0A81C-9348-4523-9061-B3B7D69D48CD}.Debug|x86.Build.0 = Debug|Win32
		{4AA0A81C-9348-4523-9061-B3B7D69D48CD}.Release|x64.ActiveCfg = Release|x64
		{4AA0A81C-9348-4523-9061-B3B7D69D48CD}.Release|x64.Build.0 = Release|x64
		{4AA0A81C-9348-4523-9061-B3B7D69D48CD}.Release|x86.ActiveCfg = Release|Win32
		{4AA0A81C-9348-4523-9061-B3B7D69D48CD}.Release|x86.Build.0 = Release|Win32
		{7CE5F295-AC3D-4288-9BF1-68057CBD87C4}.Debug|x64.ActiveCfg = Debug|x64
		{7CE5F295-AC3D-4288-9BF1-68057CBD87C4}.Debug|x64.Build.0 = Debug|x64
		{7CE5F295-AC3D-4288-9BF1-68057CBD87C4}.Debug|x86.ActiveCfg = Debug|Win32
		{7CE5F295-AC3D-4288-9BF1-68057CBD87C4}.Debug|x86.Build.0 = Debug|Win32
		{7CE5F295-AC3D-4288-9BF1-68057CBD87C4}.Release|x64.ActiveCfg = Release|x64
		{7CE5F295-AC3D-4288-9BF1-68057CBD87C4}.Release|x64.Build.0 = Release|x64
		{7CE5F295-AC3D-4288-9BF1-68057CBD87C4}.Release|x86.ActiveCfg = Release|Win32
		{7CE5F295-AC3D-4288-9BF1-68057CBD87C4}.Release|x86.Build.0 = Release|Win32
		{1F170360-8264-42C4-9546-62A4387D1860}.Debug|x64.ActiveCfg = Debug|x64
		{1F170360-8264-42C4-9546-62A4387D1860}.Debug|x64.Build.0 = Debug|x64
		{1F170360-8264-42C4-9546-62A4387D1860}.Debug|x86.ActiveCfg = Debug|Win32
		{1F170360-8264-42C4-9546-62A4387D1860}.Debug|x86.Build.0 = Debug|Win32
		{1F170360-8264-42C4-9546-62A4387D1860}.Release|x64.ActiveCfg = Release|x64
		{1F170360-8264-42C4-9546-62A4387D1860}.Release|x64.Build.0 = Release|x64
		{1F170360-8264-42C4-9546-62A4387D1860}.Release|x86.ActiveCfg = Release|Win32
		{1F170360-8264-42C4-9546-62A4387D1860}.Release|x86.Build.0 = Release|Win32
		{A7BAB547-2604-4207-BAA0-506153B17244}.Debug|x64.ActiveCfg = Debug|x64
		{A7BAB547-2604-4207-BAA0-506153B17244}.Debug|x64.Build.0 = Debug|x64
		{A7BAB547-2604-4207-BAA0-506153B17244}.Debug|x86.ActiveCfg = Debug|Win32
		{A7BAB547-2604-4207-BAA0-506153B17244}.Debug|x86.Build.0 = Debug|Win32
		{A7BAB547-2604-4207-BAA0-506153B17244}.Release|x64.ActiveCfg = Release|x64
		{A7BAB547-2604-4207-BAA0-506153B17244}.Release|x64.Build.0 = Release|x64
		{A7BAB547-2604-4207-BAA0-506153B17244}.Release|x86.ActiveCfg = Release|Win32
		{A7BAB547-2604-4207-BAA0-506153B17244}.Release|x86.Build.0 = Release|Win32
		{A5D11E0B-7B99-4475-8B58-E343CD0A1BEA}.Debug|x64.ActiveCfg = Debug|x64
		{A5D11E0B-7B99-4475-8B58-E343CD0A1BEA}.Debug|x64.Build.0 = Debug|x64
		{A5D11E0B-7B99-4475-8B58-E343CD0A1BEA}.Debug|x86.ActiveCfg = Debug|Win32
		{A5D11E0B-7B99-4475-8B58-E343CD0A1BEA}.Debug|x86.Build.0 = Debug|Win32
		{A5D11E0B-7B99-4475-8B58-E343CD0A1BEA}.Release|x64.ActiveCfg = Release|x64
		{A5D11E0B-7B99-4475-8B58-E343CD0A1BEA}.Release|x64.Build.0 = Release|x64
		{A5D11E0B-7B99-4475-8B58-E343CD0A1BEA}.Release|x86.ActiveCfg = Release|Win32
		{A5D11E0B-7B99-4475-8B58-E343CD0A1BEA}.Release|x86.Build.0 = Release|Win32
		{6D77C7E7-88F5-4710-A436-8FE52866701E}.Debug|x64.ActiveCfg = Debug|x64
		{6D77C7E7-88F5-4710-A436-8FE52866701E}.Debug|x64.Build.0 = Debug|x64
		{6D77C7E7-88F5-4710-A436-8FE52866701E}.Debug|x86.ActiveCfg = Debug|Win32
		{6D77C7E7-88F5-4710-A436-8FE52866701E}.Debug|x86.Build.0 = Debug|Win32
		{6D77C7E7-88F5-4710-A436-8FE52866701E}.Release|x64.ActiveCfg = Release|x64
		{6D77C7E7-88F5-4710-A436-8FE52866701E}.Release|x64.Build.0 = Release|x64
		{6D77C7E7-88F5-4710-A436-8FE52866701E}.Release|x86.ActiveCfg = Release|Win32
		{6D77C7E7-88F5-4710-A436-8FE52866701E}.Release|x86.Build.0 = Release|Win32
		{08CFDFD5-AD30-415F-944E-33664A4FEFE4}.Debug|x64.ActiveCfg = Debug|x64
		{08CFDFD5-AD30-415F-944E-33664A4FEFE4}.Debug|x64.Build.0 = Debug|x64
		{08CFDFD5-AD30-415F-944E-33664A4FEFE4}.Debug|x86.ActiveCfg = Debug|Win32
		{08CFDFD5-AD30-415F-944E-33664A4FEFE4}.Debug|x86.Build.0 = Debug|Win32
		{08CFDFD5-AD30-415F-944E-33664A4FEFE4}.Release|x64.ActiveCfg = Release|x64
		{08CFDFD5-AD30-415F-944E-33664A4FEFE4}.Release|x64.Build.0 = Release|x64
		{08CFDFD5-AD30-415F-944E-33664A4FEFE4}.Release|x86.ActiveCfg = Release|Win32
		{08CFDFD5-AD30-415F-944E-33664A4FEFE4}.Release|x86.Build.0 = Release|Win32
		{F2149252-E0BB-4B60-AF68-250A607ED275}.Debug|x64.ActiveCfg = Debug|x64
		{F2149252-E0BB-4B60-AF68-250A607ED275}.Debug|x64.Build.0 = Debug|x64
		{F2149252-E0BB-4B60-AF68-250A607ED275}.Debug|x86.ActiveCfg = Debug|Win32
		{F2149252-E0BB-4B60-AF68-250A607ED275}.Debug|x86.Build.0 = Debug|Win32
		{F2149252-E0BB-4B60-AF68-250A607ED275}.Release|x64.ActiveCfg = Release|x64
		{F2149252-E0BB-4B60-AF68-250A607ED275}.Release|x64.Build.0 = Release|x64
		{F2149252-E0BB-4B60-AF68-250A607ED275}.Release|x86.ActiveCfg = Release|Win32
		{F2149252-E0BB-4B60-AF68-250A607ED275}.Release|x86.Build.0 = Release|Win32
		{43AD94AB-7E4A-493A-8CE1-AE671EBBEDB9}.Debug|x64.ActiveCfg = Debug|x64
		{43AD94AB-7E4A-493A-8CE1-AE671EBBEDB9}.Debug|x64.Build.0 = Debug|x64
		{43AD94AB-7E4A-493A-8CE1-AE671EBBEDB9}.Debug|x86.ActiveCfg = Debug|Win32
		{43AD94AB-7E4A-493A-8CE1-AE671EBBEDB9}.Debug|x86.Build.0 = Debug|Win32
		{43AD94AB-7E4A-493A-8CE1-AE671EBBEDB9}.Release|x64.ActiveCfg = Release|x64
		{43AD94AB-7E4A-493A-8CE1-AE671EBBEDB9}.Release|x64.Build.0 = Release|x64
		{43AD94AB-7E4A-493A-8CE1-AE671EBBEDB9}.Release|x86.ActiveCfg = Release|Win32
		{43AD94AB-7E4A-493A-8CE1-AE671EBBEDB9}.Release|x86.Build.0 = Release|Win32
		{3BFB76C7-B18D-4D8B-ADD7-BF7463B8AC37}.Debug|x64.ActiveCfg = Debug|x64
		{3BFB76C7-B18D-4D8B-ADD7-BF7463B8AC37}.Debug|x64.Build.0 = Debug|x64
		{3BFB76C7-B18D-4D8B-ADD7-BF7463B8AC37}.Debug|x86.ActiveCfg = Debug|Win32
		{3BFB76C7-B18D-4D8B-ADD7-BF7463B8AC37}.Debug|x86.Build.0 = Debug|Win32
		{3BFB76C7-B18D-4D8B-ADD7-BF7463B8AC37}.Release|x64.ActiveCfg = Release|x64
		{3BFB76C7-B18D-4D8B-ADD7-BF7463B8AC37}.Release|x64.Build.0 = Release|x64
		{3BFB76C7-B18D-4D8B-ADD7-BF7463B8AC37}.Release|x86.ActiveCfg = Release|Win32
		{3BFB76C7-B18D-4D8B-ADD7-BF7463B8AC37}.Release|x86.Build.0 = Release|Win32
		{7925BBC8-2503-415C-918C-BB3560FD2375}.Debug|x64.ActiveCfg = Debug|x64
		{7925BBC8-2503-415C-918C-BB3560FD2375}.Debug|x64.Build.0 = Debug|x64
		{7925BBC8-2503-415C-918C-BB3560FD2375}.Debug|x86.ActiveCfg = Debug|Win32
		{7925BBC8-2503-415C-918C-BB3560FD2375}.Debug|x86.Build.0 = Debug|Win32
		{7925BBC8-2503-415C-918C-BB3560FD2375}.Release|x64.ActiveCfg = Release|x64
		{7925BBC8-2503-415C-918C-BB3560FD2375}.Release|x64.Build.0 = Release|x64
		{7925BBC8-2503-415C-918C-BB3560FD2375}.Release|x86.ActiveCfg = Release|Win32
		{7925BBC8-2503-415C-918C-BB3560FD2375}.Release|x86.Build.0 = Release|Win32
		{38F010C5-D0E3-454A-A3E6-86F6FC7FB69B}.Debug|x64.ActiveCfg = Debug|x64
		{38F010C5-D0E3-454A-A3E6-86F6FC7FB69B}.Debug|x64.Build.0 = Debug|x64
		{38F010C5-D0E3-454A-A3E6-86F6FC7FB69B}.Debug|x86.ActiveCfg = Debug|Win32
		{38F010C5-D0E3-454A-A3E6-86F6FC7FB69B}.Debug|x86.Build.0 = Debug|Win32
		{38F010C5-D0E3-454A-A3E6-86F6FC7FB69B}.Release|x64.ActiveCfg = Release|x64
		{38F010C5-D0E3-454A-A3E6-86F6FC7FB69B}.Release|x64.Build.0 = Release|x64
		{38F010C5-D0E3-454A-A3E6-86F6FC7FB69B}.Release|x86.ActiveCfg = Release|Win32
		{38F010C5-D0E3-454A-A3E6-86F6FC7FB69B}.Release|x86.Build.0 = Release|Win32
		{BE7EA16D-9D3A-4C5E-8A13-4F6C8AACC772}.Debug|x64.ActiveCfg = Debug|x64
		{BE7EA16D-9D3A-4C5E-8A13-4F6C8AACC772}.Debug|x64.Build.0 = Debug|x64
		{BE7EA16D-9D3A-4C5E-8A13-4F6C8AACC772}.Debug|x86.ActiveCfg = Debug|Win32
		{BE7EA16D-9D3A-4C5E-8A13-4F6C8AACC772}.Debug|x86.Build.0 = Debug|Win32
		{BE7EA16D-9D3A-4C5E-8A13-4F6C8AACC772}.Release|x64.ActiveCfg = Release|x64
		{BE7EA16D-9D3A-4C5E-8A13-4F6C8AACC772}.Release|x64.Build.0 = Release|x64
		{BE7EA16D-9D3A-4C5E-8A13-4F6C8AACC772}.Release|x86.ActiveCfg = Release|Win32
		{BE7EA16D-9D3A-4C5E-8A13-4F6C8AACC772}.Release|x86.Build.0 = Release|Win32
		{8EDDDD6B-B730-4E27-BA09-435E6E22755F}.Debug|x64.ActiveCfg = Debug|x64
		{8EDDDD6B-B730-4E27-BA09-435E6E22755F}.Debug|x64.Build.0 = Debug|x64
		{8EDDDD6B-B730-4E27-BA09-435E6E22755F}.Debug|x86.ActiveCfg = Debug|Win32
		{8EDDDD6B-B730-4E27-BA09-435E6E22755F}.Debug|x86.Build.0 = Debug|Win32
		{8EDDDD6B-B730-4E27-BA09-435E6E22755F}.Release|x64.ActiveCfg = Release|x64
		{8EDDDD6B-B730-4E27-BA09-435E6E22755F}.Release|x64.Build.0 = Release|x64
		{8EDDDD6B-B730-4E27-BA09-435E6E22755F}.Release|x86.ActiveCfg = Release|Win32
		{8EDDDD6B-B730-4E27-BA09-435E6E22755F}.Release|x86.Build.0 = Release|Win32
		{E55E17D2-0903-4BFB-89C8-3E9D9485B303}.Debug|x64.ActiveCfg = Debug|x64
		{E55E17D2-0903-4BFB-89C8-3E9D9485B303}.Debug|x64.Build.0 = Debug|x64
		{E55E17D2-0903-4BFB-89C8-3E9D9485B303}.Debug|x86.ActiveCfg = Debug|Win32
		{E55E17D2-0903-4BFB-89C8-3E9D9485B303}.Debug|x86.Build.0 = Debug|Win32
		{E55E17D2-0903-4BFB-89C8-3E9D9485B303}.Release|x64.ActiveCfg = Release|x64
		{E55E17D2-0903-4BFB-89C8-3E9D9485B303}.Release|x64.Build.0 = Release|x64
		{E55E17D2-0903-4BFB-89C8-3E9D9485B303}.Release|x86.ActiveCfg = Release|Win32
		{E55E17D2-0903-4BFB-89C8-3E9D9485B303}.Release|x86.Build.0 = Release|Win32
		{11387970-4D61-4B6C-84A9-6E953F6EFB57}.Debug|x64.ActiveCfg = Debug|x64
		{11387970-4D61-4B6C-84A9-6E953F6EFB57}.Debug|x64.Build.0 = Debug|x64
		{11387970-4D61-4B6C-84A9-6E953F6EFB57}.Debug|x86.ActiveCfg = Debug|Win32
		{11387970-4D61-4B6C-84A9-6E953F6EFB57}.Debug|x86.Build.0 = Debug|Win32
		{11387970-4D61-4B6C-84A9-6E953F6EFB57}.Release|x64.ActiveCfg = Release|x64
		{11387970-4D61-4B6C-84A9-6E953F6EFB57}.Release|x64.Build.0 = Release|x64
		{11387970-4D61-4B6C-84A9-6E953F6EFB57}.Release|x86.ActiveCfg = Release|Win32
		{11387970-4D61-4B6C-84A9-6E953F6EFB57}.Release|x86.Build.0 = Release|Win32
		{091E6C8B-CD96-46E1-B645-F28FA782A7D7}.Debug|x64.ActiveCfg = Debug|x64
		{091E6C8B-CD96-46E1-B645-F28FA782A7D7}.Debug|x64.Build.0 = Debug|x64
		{091E6C8B-CD96-46E1-B645-F28FA782A7D7}.Debug|x86.ActiveCfg = Debug|Win32
		{091E6C8B-CD96-46E1-B645-F28FA782A7D7}.Debug|x86.Build.0 = Debug|Win32
		{091E6C8B-CD96-46E1-B645-F28FA782A7D7}.Release|x64.ActiveCfg = Release|x64
		{091E6C8B-CD96-46E1-B645-F28FA782A7D7}.Release|x64.Build.0 = Release|x64
		{091E6C8B-CD96-46E1-B645-F28FA782A7D7}.Release|x86.ActiveCfg = Release|Win32
		{091E6C8B-CD96-46E1-B645-F28FA782A7D7}.Release|x86.Build.0 = Release|Win32
		{7D3A068B-79D2-4966-B862-6FA54D7255C0}.Debug|x64.ActiveCfg = Debug|x64
		{7D3A068B-79D2-4966-B862-6FA54D7255C0}.Debug|x64.Build.0 = Debug|x64
		{7D3A068B-79D2-4966-B862-6FA54D7255C0}.Debug|x86.ActiveCfg = Debug|Win32
		{7D3A068B-79D2-4966-B862-6FA54D7255C0}.Debug|x86.Build.0 = Debug|Win32
		{7D3A068B-79D2-4966-B862-6FA54D7255C0}.Release|x64.ActiveCfg = Release|x64
		{7D3A068B-79D2-4966-B862-6FA54D7255C0}.Release|x64.Build.0 = Release|x64
		{7D3A068B-79D2-4966-B862-6FA54D7255C0}.Release|x86.ActiveCfg = Release|Win32
		{7D3A068B-79D2-4966-B862-6FA54D7255C0}.Release|x86.Build.0 = Release|Win32
		{67521A32-FD0A-4E17-9CF1-CDEC00AFB40A}.Debug|x64.ActiveCfg = Debug|x64
		{67521A32-FD0A-4E17-9CF1-CDEC00AFB40A}.Debug|x64.Build.0 = Debug|x64
		{67521A32-FD0A-4E17-9CF1-CDEC00AFB40A}.Debug|x86.ActiveCfg = Debug|Win32
		{67521A32-FD0A-4E17-9CF1-CDEC00AFB40A}.Debug|x86.Build.0 = Debug|Win32
		{67521A32-FD0A-4E17-9CF1-CDEC00AFB40A}.Release|x64.ActiveCfg = Release|x64
		{67521A32-FD0A-4E17-9CF1-CDEC00AFB40A}.Release|x64.Build.0 = Release|x64
		{67521A32-FD0A-4E17-9CF1-CDEC00AFB40A}.Release|x86.ActiveCfg = Release|Win32
		{67521A32-FD0A-4E17-9CF1-CDEC00AFB40A}.Release|x86.Build.0 = Release|Win32
		{27FA0E87-4B94-4EC8-A2E0-FC1D5D642A0E}.Debug|x64.ActiveCfg = Debug|x64
		{27FA0E87-4B94-4EC8-A2E0-FC1D5D642A0E}.Debug|x64.Build.0 = Debug|x64
		{27FA0E87-4B94-4EC8-A2E0-FC1D5D642A0E}.Debug|x86.ActiveCfg = Debug|Win32
		{27FA0E87-4B94-4EC8-A2E0-FC1D5D642A0E}.Debug|x86.Build.0 = Debug|Win32
		{27FA0E87-4B94-4EC8-A2E0-FC1D5D642A0E}.Release|x64.ActiveCfg = Release|x64
		{27FA0E87-4B94-4EC8-A2E0-FC1D5D642A0E}.Release|x64.Build.0 = Release|x64
		{27FA0E87-4B94-4EC8-A2E0-FC1D5D642A0E}.Release|x86.ActiveCfg = Release|Win32
		{27FA0E87-4B94-4EC8-A2E0-FC1D5D642A0E}.Release|x86.Build.0 = Release|Win32
		{C9524C3C-C3E5-4DF7-8804-3B71A61441DC}.Debug|x64.ActiveCfg = Debug|x64
		{C9524C3C-C3E5-4DF7-8804-3B71A61441DC}.Debug|x64.Build.0 = Debug|x64
		{C9524C3C-C3E5-4DF7-8804-3B71A61441DC}.Debug|x86.ActiveCfg = Debug|Win32
		{C9524C3C-C3E5-4DF7-8804-3B71A61441DC}.Debug|x86.Build.0 = Debug|Win32
		{C9524C3C-C3E5-4DF7-8804-3B71A61441DC}.Release|x64.ActiveCfg = Release|x64
		{C9524C3C-C3E5-4DF7-8804-3B71A61441DC}.Release|x64.Build.0 = Release|x64
		{C9524C3C-C3E5-4DF7-8804-3B71A61441DC}.Release|x86.ActiveCfg = Release|Win32
		{C9524C3C-C3E5-4DF7-8804-3B71A61441DC}.Release|x86.Build.0 = Release|Win32
		{BDD4E52A-0414-4FDA-92C9-170FA7FBB23B}.Debug|x64.ActiveCfg = Debug|x64
		{BDD4E52A-0414-4FDA-92C9-170FA7FBB23B}.Debug|x64.Build.0 = Debug|x64
		{BDD4E52A-0414-4FDA-92C9-170FA7FBB23B}.Debug|x86.ActiveCfg = Debug|Win32
		{BDD4E52A-0414-4FDA-92C9-170FA7FBB23B}.Debug|x86.Build.0 = Debug|Win32
		{BDD4E52A-0414-4FDA-92C9-170FA7FBB23B}.Release|x64.ActiveCfg = Release|x64
		{BDD4E52A-0414-4FDA-92C9-170FA7FBB23B}.Release|x64.Build.0 = Release|x64
		{BDD4E52A-0414-4FDA-92C9-170FA7FBB23B}.Release|x86.ActiveCfg = Release|Win32
		{BDD4E52A-0414-4FDA-92C9-170FA7FBB23B}.Release|x86.Build.0 = Release|Win32
		{D53F7887-19D1-472B-AAE5-2221289C7D6E}.Debug|x64.ActiveCfg = Debug|x64
		{D53F7887-19D1-472B-AAE5-2221289C7D6E}.Debug|x64.Build.0 = Debug|x64
		{D53F7887-19D1-472B-AAE5-2221289C7D6E}.Debug|x86.ActiveCfg = Debug|Win32
		{D53F7887-19D1-472B-AAE5-2221289C7D6E}.Debug|x86.Build.0 = Debug|Win32
		{D53F7887-19D1-472B-AAE5-2221289C7D6E}.Release|x64.ActiveCfg = Release|x64
		{D53F7887-19D1-472B-AAE5-2221289C7D6E}.Release|x64.Build.0 = Release|x64
		{D53F7887-19D1-472B-AAE5-2221289C7D6E}.Release|x86.ActiveCfg = Release|Win32
		{D53F7887-19D1-472B-AAE5-2221289C7D6E}.Release|x86.Build.0 = Release|Win32
		{AD1AB9F2-7705-45CC-B3B1-E4D84F45378D}.Debug|x64.ActiveCfg = Debug|x64
		{AD1AB9F2-7705-45CC-B3B1-E4D84F45378D}.Debug|x64.Build.0 = Debug|x64
		{AD1AB9F2-7705-45CC-B3B1-E4D84F45378D}.Debug|x86.ActiveCfg = Debug|Win32
		{AD1AB9F2-7705-45CC-B3B1-E4D84F45378D}.Debug|x86.Build.0 = Debug|Win32
		{AD1AB9F2-7705-45CC-B3B1-E4D84F45378D}.Release|x64.ActiveCfg = Release|x64
		{AD1AB9F2-7705-45CC-B3B1-E4D84F45378D}.Release|x64.Build.0 = Release|x64
		{AD1AB9F2-7705-45CC-B3B1-E4D84F45378D}.Release|x86.ActiveCfg = Release|Win32
		{AD1AB9F2-7705-45CC-B3B1-E4D84F45378D}.Release|x86.Build.0 = Release|Win32
		{2109B354-3BBF-4269-9141-738B6DBB2DD0}.Debug|x64.ActiveCfg = Debug|x64
		{2109B354-3BBF-4269-9141-738B6DBB2DD0}.Debug|x64.Build.0 = Debug|x64
		{2109B354-3BBF-4269-9141-738B6DBB2DD0}.Debug|x86.ActiveCfg = Debug|Win32
		{2109B354-3BBF-4269-9141-738B6DBB2DD0}.Debug|x86.Build.0 = Debug|Win32
		{2109B354-3BBF-4269-9141-738B6DBB2DD0}.Release|x64.ActiveCfg = Release|x64
		{2109B354-3BBF-4269-9141-738B6DBB2DD0}.Release|x64.Build.0 = Release|x64
		{2109B354-3BBF-4269-9141-738B6DBB2DD0}.Release|x86.ActiveCfg = Release|Win32
		{2109B354-3BBF-4269-9141-738B6DBB2DD0}.Release|x86.Build.0 = Release|Win32
		{58668D73-80E7-40B3-98F4-E78303C96221}.Debug|x64.ActiveCfg = Debug|x64
		{58668D73-80E7-40B3-98F4-E78303C96221}.Debug|x64.Build.0 = Debug|x64
		{58668D73-80E7-40B3-98F4-E78303C96221}.Debug|x86.ActiveCfg = Debug|Win32
		{58668D73-80E7-40B3-98F4-E78303C96221}.Debug|x86.Build.0 = Debug|Win32
		{58668D73-80E7-40B3-98F4-E78303C96221}.Release|x64.ActiveCfg = Release|x64
		{58668D73-80E7-40B3-98F4-E78303C96221}.Release|x64.Build.0 = Release|x64
		{58668D73-80E7-40B3-98F4-E78303C96221}.Release|x86.ActiveCfg = Release|Win32
		{58668D73-80E7-40B3-98F4-E78303C96221}.Release|x86.Build.0 = Release|Win32
		{8BE6883D-323E-4413-8D36-6E6843EDAEE7}.Debug|x64.ActiveCfg = Debug|x64
		{8BE6883D-323E-4413-8D36-6E6843EDAEE7}.Debug|x64.Build.0 = Debug|x64
		{8BE6883D-323E-4413-8D36-6E6843EDAEE7}.Debug|x86.ActiveCfg = Debug|Win32
		{8BE6883D-323E-4413-8D36-6E6843EDAEE7}.Debug|x86.Build.0 = Debug|Win32
		{8BE6883D-323E-4413-8D36-6E6843EDAEE7}.Release|x64.ActiveCfg = Release|x64
		{8BE6883D-323E-4413-8D36-6E6843EDAEE7}.Release|x64.Build.0 = Release|x64
		{8BE6883D-323E-4413-8D36-6E6843EDAEE7}.Release|x86.ActiveCfg = Release|Win32
		{8BE6883D-323E-4413-8D36-6E6843EDAEE7}.Release|x86.Build.0 = Release|Win32
		{FD6A30F7-B6F1-40A5-B5F2-D9273EF6AB2C}.Debug|x64.ActiveCfg = Debug|x64
		{FD6A30F7-B6F1-40A5-B5F2-D9273EF6AB2C}.Debug|x64.Build.0 = Debug|x64
		{FD6A30F7-B6F1-40A5-B5F2-D9273EF6AB2C}.Debug|x86.ActiveCfg = Debug|Win32
		{FD6A30F7-B6F1-40A5-B5F2-D9273EF6AB2C}.Debug|x86.Build.0 = Debug|Win32
		{FD6A30F7-B6F1-40A5-B5F2-D9273EF6AB2C}.Release|x64.ActiveCfg = Release|x64
		{FD6A30F7-B6F1-40A5-B5F2-D9273EF6AB2C}.Release|x64.Build.0 = Release|x64
		{FD6A30F7-B6F1-40A5-B5F2-D9273EF6AB2C}.Release|x86.ActiveCfg = Release|Win32
		{FD6A30F7-B6F1-40A5-B5F2-D9273EF6AB2C}.Release|x86.Build.0 = Release|Win32
		{5F0E9CF9-8379-4111-8489-B744BA947E11}.Debug|x64.ActiveCfg = Debug|x64
		{5F0E9CF9-8379-4111-8489-B744BA947E11}.Debug|x64.Build.0 = Debug|x64
		{5F0E9CF9-8379-4111-8489-B744BA947E11}.Debug|x86.ActiveCfg = Debug|Win32
		{5F0E9CF9-8379-4111-8489-B744BA947E11}.Debug|x86.Build.0 = Debug|Win32
		{5F0E9CF9-8379-4111-8489-B744BA947E11}.Release|x64.ActiveCfg = Release|x64
		{5F0E9CF9-8379-4111-8489-B744BA947E11}.Release|x64.Build.0 = Release|x64
		{5F0E9CF9-8379-4111-8489-B744BA947E11}.Release|x86.ActiveCfg = Release|Win32
		{5F0E9CF9-8379-4111-8489-B744BA947E11}.Release|x86.Build.0 = Release|Win32
	EndGlobalSection
	GlobalSection(SolutionProperties) = preSolution
		HideSolutionNode = FALSE
	EndGlobalSection
	GlobalSection(ExtensibilityGlobals) = postSolution
		SolutionGuid = {5A2F602F-9268-4419-8F59-2205919FB2B3}
	EndGlobalSection
EndGlobal
